
Microsoft Visual Studio Solution File, Format Version 12.00
# Visual Studio 2012
Project("{2150E333-8FDC-42A3-9474-1A3956D46DE8}") = "Documentation", "Documentation", "{E9B2CAF5-CF94-481D-8A9E-98F325BD362A}"
	ProjectSection(SolutionItems) = preProject
		..\licence.md = ..\licence.md
		..\readme.md = ..\readme.md
	EndProjectSection
EndProject
Project("{FAE04EC0-301F-11D3-BF4B-00C04F79EFBC}") = "ThinkBinary.SchemaToPoco.Console", "ThinkBinary.SchemaToPoco.Console\ThinkBinary.SchemaToPoco.Console.csproj", "{3AEFFCC7-E21D-4699-B40E-09CB2965F328}"
EndProject
Project("{FAE04EC0-301F-11D3-BF4B-00C04F79EFBC}") = "ThinkBinary.SchemaToPoco.Core", "ThinkBinary.SchemaToPoco.Core\ThinkBinary.SchemaToPoco.Core.csproj", "{B504BB29-7224-4F82-80ED-BDB344ACABEF}"
EndProject
Project("{FAE04EC0-301F-11D3-BF4B-00C04F79EFBC}") = "ThinkBinary.SchemaToPoco.Core.UnitTests", "ThinkBinary.SchemaToPoco.Core.UnitTests\ThinkBinary.SchemaToPoco.Core.UnitTests.csproj", "{CD63E22C-2545-4BAB-BE8A-BD15B59BF8E0}"
EndProject
Project("{FAE04EC0-301F-11D3-BF4B-00C04F79EFBC}") = "Test", "Test\Test.csproj", "{28437266-1EBB-49AB-8101-5D784BC7715C}"
EndProject
Global
	GlobalSection(SolutionConfigurationPlatforms) = preSolution
		Debug|Any CPU = Debug|Any CPU
		Release|Any CPU = Release|Any CPU
	EndGlobalSection
	GlobalSection(ProjectConfigurationPlatforms) = postSolution
		{3AEFFCC7-E21D-4699-B40E-09CB2965F328}.Debug|Any CPU.ActiveCfg = Debug|Any CPU
		{3AEFFCC7-E21D-4699-B40E-09CB2965F328}.Debug|Any CPU.Build.0 = Debug|Any CPU
		{3AEFFCC7-E21D-4699-B40E-09CB2965F328}.Release|Any CPU.ActiveCfg = Release|Any CPU
		{3AEFFCC7-E21D-4699-B40E-09CB2965F328}.Release|Any CPU.Build.0 = Release|Any CPU
		{B504BB29-7224-4F82-80ED-BDB344ACABEF}.Debug|Any CPU.ActiveCfg = Debug|Any CPU
		{B504BB29-7224-4F82-80ED-BDB344ACABEF}.Debug|Any CPU.Build.0 = Debug|Any CPU
		{B504BB29-7224-4F82-80ED-BDB344ACABEF}.Release|Any CPU.ActiveCfg = Release|Any CPU
		{B504BB29-7224-4F82-80ED-BDB344ACABEF}.Release|Any CPU.Build.0 = Release|Any CPU
		{CD63E22C-2545-4BAB-BE8A-BD15B59BF8E0}.Debug|Any CPU.ActiveCfg = Debug|Any CPU
		{CD63E22C-2545-4BAB-BE8A-BD15B59BF8E0}.Debug|Any CPU.Build.0 = Debug|Any CPU
		{CD63E22C-2545-4BAB-BE8A-BD15B59BF8E0}.Release|Any CPU.ActiveCfg = Release|Any CPU
		{CD63E22C-2545-4BAB-BE8A-BD15B59BF8E0}.Release|Any CPU.Build.0 = Release|Any CPU
		{28437266-1EBB-49AB-8101-5D784BC7715C}.Debug|Any CPU.ActiveCfg = Debug|Any CPU
		{28437266-1EBB-49AB-8101-5D784BC7715C}.Debug|Any CPU.Build.0 = Debug|Any CPU
		{28437266-1EBB-49AB-8101-5D784BC7715C}.Release|Any CPU.ActiveCfg = Release|Any CPU
		{28437266-1EBB-49AB-8101-5D784BC7715C}.Release|Any CPU.Build.0 = Release|Any CPU
	EndGlobalSection
	GlobalSection(SolutionProperties) = preSolution
		HideSolutionNode = FALSE
	EndGlobalSection
EndGlobal
